<?xml version="1.0" encoding="utf-8"?>
<Project ToolsVersion="4.0" xmlns="http://schemas.microsoft.com/developer/msbuild/2003">
  <ItemGroup>
    <ClCompile Include="..\..\..\src\lua-5.2.0\lapi.c" />
    <ClCompile Include="..\..\..\src\lua-5.2.0\lauxlib.c" />
    <ClCompile Include="..\..\..\src\lua-5.2.0\lbaselib.c" />
    <ClCompile Include="..\..\..\src\lua-5.2.0\lbitlib.c" />
    <ClCompile Include="..\..\..\src\lua-5.2.0\lcode.c" />
    <ClCompile Include="..\..\..\src\lua-5.2.0\lcorolib.c" />
    <ClCompile Include="..\..\..\src\lua-5.2.0\lctype.c" />
    <ClCompile Include="..\..\..\src\lua-5.2.0\ldblib.c" />
    <ClCompile Include="..\..\..\src\lua-5.2.0\ldebug.c" />
    <ClCompile Include="..\..\..\src\lua-5.2.0\ldo.c" />
    <ClCompile Include="..\..\..\src\lua-5.2.0\ldump.c" />
    <ClCompile Include="..\..\..\src\lua-5.2.0\lfunc.c" />
    <ClCompile Include="..\..\..\src\lua-5.2.0\lgc.c" />
    <ClCompile Include="..\..\..\src\lua-5.2.0\linit.c" />
    <ClCompile Include="..\..\..\src\lua-5.2.0\liolib.c" />
    <ClCompile Include="..\..\..\src\lua-5.2.0\llex.c" />
    <ClCompile Include="..\..\..\src\lua-5.2.0\lmathlib.c" />
    <ClCompile Include="..\..\..\src\lua-5.2.0\lmem.c" />
    <ClCompile Include="..\..\..\src\lua-5.2.0\loadlib.c" />
    <ClCompile Include="..\..\..\src\lua-5.2.0\lobject.c" />
    <ClCompile Include="..\..\..\src\lua-5.2.0\lopcodes.c" />
    <ClCompile Include="..\..\..\src\lua-5.2.0\loslib.c" />
    <ClCompile Include="..\..\..\src\lua-5.2.0\lparser.c" />
    <ClCompile Include="..\..\..\src\lua-5.2.0\lstate.c" />
    <ClCompile Include="..\..\..\src\lua-5.2.0\lstring.c" />
    <ClCompile Include="..\..\..\src\lua-5.2.0\lstrlib.c" />
    <ClCompile Include="..\..\..\src\lua-5.2.0\ltable.c" />
    <ClCompile Include="..\..\..\src\lua-5.2.0\ltablib.c" />
    <ClCompile Include="..\..\..\src\lua-5.2.0\ltm.c" />
    <ClCompile Include="..\..\..\src\lua-5.2.0\lundump.c" />
    <ClCompile Include="..\..\..\src\lua-5.2.0\lvm.c" />
    <ClCompile Include="..\..\..\src\lua-5.2.0\lzio.c" />
  </ItemGroup>
  <ItemGroup>
    <ClInclude Include="..\..\..\src\lua-5.2.0\lapi.h" />
    <ClInclude Include="..\..\..\src\lua-5.2.0\lauxlib.h" />
    <ClInclude Include="..\..\..\src\lua-5.2.0\lcode.h" />
    <ClInclude Include="..\..\..\src\lua-5.2.0\lctype.h" />
    <ClInclude Include="..\..\..\src\lua-5.2.0\ldebug.h" />
    <ClInclude Include="..\..\..\src\lua-5.2.0\ldo.h" />
    <ClInclude Include="..\..\..\src\lua-5.2.0\lfunc.h" />
    <ClInclude Include="..\..\..\src\lua-5.2.0\lgc.h" />
    <ClInclude Include="..\..\..\src\lua-5.2.0\llex.h" />
    <ClInclude Include="..\..\..\src\lua-5.2.0\llimits.h" />
    <ClInclude Include="..\..\..\src\lua-5.2.0\lmem.h" />
    <ClInclude Include="..\..\..\src\lua-5.2.0\lobject.h" />
    <ClInclude Include="..\..\..\src\lua-5.2.0\lopcodes.h" />
    <ClInclude Include="..\..\..\src\lua-5.2.0\lparser.h" />
    <ClInclude Include="..\..\..\src\lua-5.2.0\lstate.h" />
    <ClInclude Include="..\..\..\src\lua-5.2.0\lstring.h" />
    <ClInclude Include="..\..\..\src\lua-5.2.0\ltable.h" />
    <ClInclude Include="..\..\..\src\lua-5.2.0\ltm.h" />
    <ClInclude Include="..\..\..\src\lua-5.2.0\lua.h" />
    <ClInclude Include="..\..\..\src\lua-5.2.0\lua.hpp" />
    <ClInclude Include="..\..\..\src\lua-5.2.0\luaconf.h" />
    <ClInclude Include="..\..\..\src\lua-5.2.0\lualib.h" />
    <ClInclude Include="..\..\..\src\lua-5.2.0\lundump.h" />
    <ClInclude Include="..\..\..\src\lua-5.2.0\lvm.h" />
    <ClInclude Include="..\..\..\src\lua-5.2.0\lzio.h" />
  </ItemGroup>
</Project>